// !$*UTF8*$!
{
	archiveVersion = 1;
	classes = {
	};
	objectVersion = 56;
	objects = {

/* Begin PBXBuildFile section */
		0912C87B2C29EF0700400F94 /* ScribbleCharacterHolder.swift in Sources */ = {isa = PBXBuildFile; fileRef = 0912C87A2C29EF0700400F94 /* ScribbleCharacterHolder.swift */; };
		0912C8862C29FE8800400F94 /* KanaWritingCardView.swift in Sources */ = {isa = PBXBuildFile; fileRef = 0912C87F2C29FE8800400F94 /* KanaWritingCardView.swift */; };
		0912C8872C29FE8800400F94 /* KanaWritingRevealCardView.swift in Sources */ = {isa = PBXBuildFile; fileRef = 0912C8802C29FE8800400F94 /* KanaWritingRevealCardView.swift */; };
		0912C8882C29FE8800400F94 /* KanjiToTranslationRevealView.swift in Sources */ = {isa = PBXBuildFile; fileRef = 0912C8812C29FE8800400F94 /* KanjiToTranslationRevealView.swift */; };
		0912C8892C29FE8800400F94 /* KanjiToTranslationView.swift in Sources */ = {isa = PBXBuildFile; fileRef = 0912C8822C29FE8800400F94 /* KanjiToTranslationView.swift */; };
		0912C88A2C29FE8800400F94 /* ScribblingExerciseView.swift in Sources */ = {isa = PBXBuildFile; fileRef = 0912C8832C29FE8800400F94 /* ScribblingExerciseView.swift */; };
		0912C88B2C29FE8800400F94 /* ScribblingRevealExerciseView.swift in Sources */ = {isa = PBXBuildFile; fileRef = 0912C8842C29FE8800400F94 /* ScribblingRevealExerciseView.swift */; };
		0912C8912C2AE55000400F94 /* kanji.json in Resources */ = {isa = PBXBuildFile; fileRef = 0912C8902C2AE55000400F94 /* kanji.json */; };
		0912C8932C2AE59500400F94 /* kana.json in Resources */ = {isa = PBXBuildFile; fileRef = 0912C8922C2AE59500400F94 /* kana.json */; };
		09156D5A2A31C3AF00BA2D89 /* Flashcards_AppApp.swift in Sources */ = {isa = PBXBuildFile; fileRef = 09156D592A31C3AF00BA2D89 /* Flashcards_AppApp.swift */; };
		09156D5C2A31C3AF00BA2D89 /* ContentView.swift in Sources */ = {isa = PBXBuildFile; fileRef = 09156D5B2A31C3AF00BA2D89 /* ContentView.swift */; };
		09156D5E2A31C3B200BA2D89 /* Assets.xcassets in Resources */ = {isa = PBXBuildFile; fileRef = 09156D5D2A31C3B200BA2D89 /* Assets.xcassets */; };
		09156D612A31C3B200BA2D89 /* Preview Assets.xcassets in Resources */ = {isa = PBXBuildFile; fileRef = 09156D602A31C3B200BA2D89 /* Preview Assets.xcassets */; };
		09156D6B2A31C3B300BA2D89 /* Flashcards_AppTests.swift in Sources */ = {isa = PBXBuildFile; fileRef = 09156D6A2A31C3B300BA2D89 /* Flashcards_AppTests.swift */; };
		09156D752A31C3B300BA2D89 /* Flashcards_AppUITests.swift in Sources */ = {isa = PBXBuildFile; fileRef = 09156D742A31C3B300BA2D89 /* Flashcards_AppUITests.swift */; };
		09156D772A31C3B300BA2D89 /* Flashcards_AppUITestsLaunchTests.swift in Sources */ = {isa = PBXBuildFile; fileRef = 09156D762A31C3B300BA2D89 /* Flashcards_AppUITestsLaunchTests.swift */; };
		09156D842A31C43B00BA2D89 /* ExerciseView.swift in Sources */ = {isa = PBXBuildFile; fileRef = 09156D832A31C43B00BA2D89 /* ExerciseView.swift */; };
		09156D872A31C46100BA2D89 /* Card.swift in Sources */ = {isa = PBXBuildFile; fileRef = 09156D862A31C46100BA2D89 /* Card.swift */; };
		09156D8A2A31C86800BA2D89 /* Deck.swift in Sources */ = {isa = PBXBuildFile; fileRef = 09156D892A31C86800BA2D89 /* Deck.swift */; };
		0933712B2A92510A00D0DC50 /* Decks.swift in Sources */ = {isa = PBXBuildFile; fileRef = 0933712A2A92510A00D0DC50 /* Decks.swift */; };
		0933712D2A92516700D0DC50 /* Language.swift in Sources */ = {isa = PBXBuildFile; fileRef = 0933712C2A92516700D0DC50 /* Language.swift */; };
		0933712F2A92613C00D0DC50 /* AddDeckView.swift in Sources */ = {isa = PBXBuildFile; fileRef = 0933712E2A92613C00D0DC50 /* AddDeckView.swift */; };
		093455562A8408FA0009ED8E /* DequeModule in Frameworks */ = {isa = PBXBuildFile; productRef = 093455552A8408FA0009ED8E /* DequeModule */; };
		093455622A8515B70009ED8E /* BackWritingCardView.swift in Sources */ = {isa = PBXBuildFile; fileRef = 093455612A8515B70009ED8E /* BackWritingCardView.swift */; };
		093455642A8516790009ED8E /* BackWritingRevealCardView.swift in Sources */ = {isa = PBXBuildFile; fileRef = 093455632A8516790009ED8E /* BackWritingRevealCardView.swift */; };
		093455662A851CC10009ED8E /* CorrectedTextView.swift in Sources */ = {isa = PBXBuildFile; fileRef = 093455652A851CC10009ED8E /* CorrectedTextView.swift */; };
		0934557C2A86A7A40009ED8E /* GoogleTranslateApi.swift in Sources */ = {isa = PBXBuildFile; fileRef = 0934557B2A86A7A40009ED8E /* GoogleTranslateApi.swift */; };
		094207742A7D1100009EAE2F /* Zip in Frameworks */ = {isa = PBXBuildFile; productRef = 094207732A7D1100009EAE2F /* Zip */; };
		094207802A7D45BF009EAE2F /* PlaySoundButton.swift in Sources */ = {isa = PBXBuildFile; fileRef = 0942077F2A7D45BF009EAE2F /* PlaySoundButton.swift */; };
		0942079C2A83BD38009EAE2F /* DeckSettingsView.swift in Sources */ = {isa = PBXBuildFile; fileRef = 0942079B2A83BD38009EAE2F /* DeckSettingsView.swift */; };
		094B22642A9241C900A0C578 /* DecksView.swift in Sources */ = {isa = PBXBuildFile; fileRef = 094B22632A9241C900A0C578 /* DecksView.swift */; };
		096D4F692A5DC3AE004C4C30 /* OutOfCardsView.swift in Sources */ = {isa = PBXBuildFile; fileRef = 096D4F682A5DC3AE004C4C30 /* OutOfCardsView.swift */; };
		096D4F6B2A5DD8EE004C4C30 /* ExerciseHeaderView.swift in Sources */ = {isa = PBXBuildFile; fileRef = 096D4F6A2A5DD8EE004C4C30 /* ExerciseHeaderView.swift */; };
		096D4F6D2A6345E4004C4C30 /* BrowseDeckView.swift in Sources */ = {isa = PBXBuildFile; fileRef = 096D4F6C2A6345E4004C4C30 /* BrowseDeckView.swift */; };
		096D4F6F2A65DDA7004C4C30 /* Vocab.swift in Sources */ = {isa = PBXBuildFile; fileRef = 096D4F6E2A65DDA7004C4C30 /* Vocab.swift */; };
		096D4F712A65E19F004C4C30 /* SuggestView.swift in Sources */ = {isa = PBXBuildFile; fileRef = 096D4F702A65E19F004C4C30 /* SuggestView.swift */; };
		096D8FDF2A3724F800E402B5 /* AddCardView.swift in Sources */ = {isa = PBXBuildFile; fileRef = 096D8FDE2A3724F800E402B5 /* AddCardView.swift */; };
		096D8FE32A37335800E402B5 /* EditCardView.swift in Sources */ = {isa = PBXBuildFile; fileRef = 096D8FE22A37335800E402B5 /* EditCardView.swift */; };
		0973666F2ADD437D00A8A6FA /* FrontCardView.swift in Sources */ = {isa = PBXBuildFile; fileRef = 0973666E2ADD437D00A8A6FA /* FrontCardView.swift */; };
		097366712ADD438E00A8A6FA /* RevealCardView.swift in Sources */ = {isa = PBXBuildFile; fileRef = 097366702ADD438E00A8A6FA /* RevealCardView.swift */; };
		097366732ADD439500A8A6FA /* BackCardView.swift in Sources */ = {isa = PBXBuildFile; fileRef = 097366722ADD439500A8A6FA /* BackCardView.swift */; };
		097366752ADD439A00A8A6FA /* BackRevealCardView.swift in Sources */ = {isa = PBXBuildFile; fileRef = 097366742ADD439A00A8A6FA /* BackRevealCardView.swift */; };
		097366792ADD4D1200A8A6FA /* CardTemplateView.swift in Sources */ = {isa = PBXBuildFile; fileRef = 097366782ADD4D1200A8A6FA /* CardTemplateView.swift */; };
		0978584D2A8FD822000A4908 /* WordTranslationLookupView.swift in Sources */ = {isa = PBXBuildFile; fileRef = 0978584C2A8FD822000A4908 /* WordTranslationLookupView.swift */; };
		097858892A912264000A4908 /* TextFieldLookupView.swift in Sources */ = {isa = PBXBuildFile; fileRef = 097858882A912264000A4908 /* TextFieldLookupView.swift */; };
		0980AF752C2AF07D00583270 /* HanziWriter in Frameworks */ = {isa = PBXBuildFile; productRef = 0980AF742C2AF07D00583270 /* HanziWriter */; };
		098A160E2A7263FA00D3CA84 /* MyForm.swift in Sources */ = {isa = PBXBuildFile; fileRef = 098A160D2A7263FA00D3CA84 /* MyForm.swift */; };
		098FDEFF2A966C01009AD700 /* CardCountsView.swift in Sources */ = {isa = PBXBuildFile; fileRef = 098FDEFE2A966C01009AD700 /* CardCountsView.swift */; };
		098FDF062A97AC4C009AD700 /* FirebaseAnalytics in Frameworks */ = {isa = PBXBuildFile; productRef = 098FDF052A97AC4C009AD700 /* FirebaseAnalytics */; };
		098FDF082A97AC4C009AD700 /* FirebaseStorage in Frameworks */ = {isa = PBXBuildFile; productRef = 098FDF072A97AC4C009AD700 /* FirebaseStorage */; };
		098FDF132A98A0AF009AD700 /* Vocabs.swift in Sources */ = {isa = PBXBuildFile; fileRef = 098FDF122A98A0AF009AD700 /* Vocabs.swift */; };
		098FDF142A98A0AF009AD700 /* Vocabs.swift in Sources */ = {isa = PBXBuildFile; fileRef = 098FDF122A98A0AF009AD700 /* Vocabs.swift */; };
		098FDF152A98A0AF009AD700 /* Vocabs.swift in Sources */ = {isa = PBXBuildFile; fileRef = 098FDF122A98A0AF009AD700 /* Vocabs.swift */; };
		098FDF172A98AA32009AD700 /* GoogleService-Info.plist in Resources */ = {isa = PBXBuildFile; fileRef = 098FDF162A98AA32009AD700 /* GoogleService-Info.plist */; };
		098FDF182A98AA32009AD700 /* GoogleService-Info.plist in Resources */ = {isa = PBXBuildFile; fileRef = 098FDF162A98AA32009AD700 /* GoogleService-Info.plist */; };
		098FDF192A98AA32009AD700 /* GoogleService-Info.plist in Resources */ = {isa = PBXBuildFile; fileRef = 098FDF162A98AA32009AD700 /* GoogleService-Info.plist */; };
		098FDF1C2A98B409009AD700 /* Hindi.swift in Sources */ = {isa = PBXBuildFile; fileRef = 098FDF1B2A98B409009AD700 /* Hindi.swift */; };
		098FDF1D2A98B409009AD700 /* Hindi.swift in Sources */ = {isa = PBXBuildFile; fileRef = 098FDF1B2A98B409009AD700 /* Hindi.swift */; };
		098FDF1E2A98B409009AD700 /* Hindi.swift in Sources */ = {isa = PBXBuildFile; fileRef = 098FDF1B2A98B409009AD700 /* Hindi.swift */; };
		098FDF202A98EF8F009AD700 /* FreqView.swift in Sources */ = {isa = PBXBuildFile; fileRef = 098FDF1F2A98EF8F009AD700 /* FreqView.swift */; };
		098FDF212A98EF8F009AD700 /* FreqView.swift in Sources */ = {isa = PBXBuildFile; fileRef = 098FDF1F2A98EF8F009AD700 /* FreqView.swift */; };
		098FDF222A98EF8F009AD700 /* FreqView.swift in Sources */ = {isa = PBXBuildFile; fileRef = 098FDF1F2A98EF8F009AD700 /* FreqView.swift */; };
		098FDF242A9A0512009AD700 /* WordTypeView.swift in Sources */ = {isa = PBXBuildFile; fileRef = 098FDF232A9A0512009AD700 /* WordTypeView.swift */; };
		098FDF252A9A0512009AD700 /* WordTypeView.swift in Sources */ = {isa = PBXBuildFile; fileRef = 098FDF232A9A0512009AD700 /* WordTypeView.swift */; };
		098FDF262A9A0513009AD700 /* WordTypeView.swift in Sources */ = {isa = PBXBuildFile; fileRef = 098FDF232A9A0512009AD700 /* WordTypeView.swift */; };
		09B171C52A93B2B400B30162 /* LazyVIew.swift in Sources */ = {isa = PBXBuildFile; fileRef = 09B171C42A93B2B400B30162 /* LazyVIew.swift */; };
		09C87CDA2AB05C400012064E /* LanguageAwareTextField.swift in Sources */ = {isa = PBXBuildFile; fileRef = 09C87CD92AB05C400012064E /* LanguageAwareTextField.swift */; };
		09C87D152AB4BBC30012064E /* SpotlightView.swift in Sources */ = {isa = PBXBuildFile; fileRef = 09C87D142AB4BBC30012064E /* SpotlightView.swift */; };
		09D0C2162A92257D00FE36D1 /* SoundLookupView.swift in Sources */ = {isa = PBXBuildFile; fileRef = 09D0C2152A92257D00FE36D1 /* SoundLookupView.swift */; };
		09D13DB82AADCBBD004E2A59 /* CardMoveView.swift in Sources */ = {isa = PBXBuildFile; fileRef = 09D13DB72AADCBBD004E2A59 /* CardMoveView.swift */; };
		09D13DBA2AADCC01004E2A59 /* DifficultyButtonsView.swift in Sources */ = {isa = PBXBuildFile; fileRef = 09D13DB92AADCC01004E2A59 /* DifficultyButtonsView.swift */; };
		09D193402AFF7A530008A0FA /* LanguageAwareTexts.swift in Sources */ = {isa = PBXBuildFile; fileRef = 09D1933F2AFF7A530008A0FA /* LanguageAwareTexts.swift */; };
		09D193422AFF7A670008A0FA /* Chinese.swift in Sources */ = {isa = PBXBuildFile; fileRef = 09D193412AFF7A670008A0FA /* Chinese.swift */; };
		09D193462AFF7B160008A0FA /* chi.txt in Resources */ = {isa = PBXBuildFile; fileRef = 09D193452AFF7B160008A0FA /* chi.txt */; };
/* End PBXBuildFile section */

/* Begin PBXContainerItemProxy section */
		09156D672A31C3B300BA2D89 /* PBXContainerItemProxy */ = {
			isa = PBXContainerItemProxy;
			containerPortal = 09156D4E2A31C3AF00BA2D89 /* Project object */;
			proxyType = 1;
			remoteGlobalIDString = 09156D552A31C3AF00BA2D89;
			remoteInfo = "Flashcards App";
		};
		09156D712A31C3B300BA2D89 /* PBXContainerItemProxy */ = {
			isa = PBXContainerItemProxy;
			containerPortal = 09156D4E2A31C3AF00BA2D89 /* Project object */;
			proxyType = 1;
			remoteGlobalIDString = 09156D552A31C3AF00BA2D89;
			remoteInfo = "Flashcards App";
		};
/* End PBXContainerItemProxy section */

/* Begin PBXFileReference section */
		0912C87A2C29EF0700400F94 /* ScribbleCharacterHolder.swift */ = {isa = PBXFileReference; fileEncoding = 4; lastKnownFileType = sourcecode.swift; path = ScribbleCharacterHolder.swift; sourceTree = "<group>"; };
		0912C87F2C29FE8800400F94 /* KanaWritingCardView.swift */ = {isa = PBXFileReference; fileEncoding = 4; lastKnownFileType = sourcecode.swift; path = KanaWritingCardView.swift; sourceTree = "<group>"; };
		0912C8802C29FE8800400F94 /* KanaWritingRevealCardView.swift */ = {isa = PBXFileReference; fileEncoding = 4; lastKnownFileType = sourcecode.swift; path = KanaWritingRevealCardView.swift; sourceTree = "<group>"; };
		0912C8812C29FE8800400F94 /* KanjiToTranslationRevealView.swift */ = {isa = PBXFileReference; fileEncoding = 4; lastKnownFileType = sourcecode.swift; path = KanjiToTranslationRevealView.swift; sourceTree = "<group>"; };
		0912C8822C29FE8800400F94 /* KanjiToTranslationView.swift */ = {isa = PBXFileReference; fileEncoding = 4; lastKnownFileType = sourcecode.swift; path = KanjiToTranslationView.swift; sourceTree = "<group>"; };
		0912C8832C29FE8800400F94 /* ScribblingExerciseView.swift */ = {isa = PBXFileReference; fileEncoding = 4; lastKnownFileType = sourcecode.swift; path = ScribblingExerciseView.swift; sourceTree = "<group>"; };
		0912C8842C29FE8800400F94 /* ScribblingRevealExerciseView.swift */ = {isa = PBXFileReference; fileEncoding = 4; lastKnownFileType = sourcecode.swift; path = ScribblingRevealExerciseView.swift; sourceTree = "<group>"; };
		0912C8902C2AE55000400F94 /* kanji.json */ = {isa = PBXFileReference; fileEncoding = 4; lastKnownFileType = text.json; path = kanji.json; sourceTree = "<group>"; };
		0912C8922C2AE59500400F94 /* kana.json */ = {isa = PBXFileReference; fileEncoding = 4; lastKnownFileType = text.json; path = kana.json; sourceTree = "<group>"; };
		09156D562A31C3AF00BA2D89 /* Flashcards App.app */ = {isa = PBXFileReference; explicitFileType = wrapper.application; includeInIndex = 0; path = "Flashcards App.app"; sourceTree = BUILT_PRODUCTS_DIR; };
		09156D592A31C3AF00BA2D89 /* Flashcards_AppApp.swift */ = {isa = PBXFileReference; lastKnownFileType = sourcecode.swift; path = Flashcards_AppApp.swift; sourceTree = "<group>"; };
		09156D5B2A31C3AF00BA2D89 /* ContentView.swift */ = {isa = PBXFileReference; lastKnownFileType = sourcecode.swift; path = ContentView.swift; sourceTree = "<group>"; };
		09156D5D2A31C3B200BA2D89 /* Assets.xcassets */ = {isa = PBXFileReference; lastKnownFileType = folder.assetcatalog; path = Assets.xcassets; sourceTree = "<group>"; };
		09156D602A31C3B200BA2D89 /* Preview Assets.xcassets */ = {isa = PBXFileReference; lastKnownFileType = folder.assetcatalog; path = "Preview Assets.xcassets"; sourceTree = "<group>"; };
		09156D662A31C3B300BA2D89 /* Flashcards AppTests.xctest */ = {isa = PBXFileReference; explicitFileType = wrapper.cfbundle; includeInIndex = 0; path = "Flashcards AppTests.xctest"; sourceTree = BUILT_PRODUCTS_DIR; };
		09156D6A2A31C3B300BA2D89 /* Flashcards_AppTests.swift */ = {isa = PBXFileReference; lastKnownFileType = sourcecode.swift; path = Flashcards_AppTests.swift; sourceTree = "<group>"; };
		09156D702A31C3B300BA2D89 /* Flashcards AppUITests.xctest */ = {isa = PBXFileReference; explicitFileType = wrapper.cfbundle; includeInIndex = 0; path = "Flashcards AppUITests.xctest"; sourceTree = BUILT_PRODUCTS_DIR; };
		09156D742A31C3B300BA2D89 /* Flashcards_AppUITests.swift */ = {isa = PBXFileReference; lastKnownFileType = sourcecode.swift; path = Flashcards_AppUITests.swift; sourceTree = "<group>"; };
		09156D762A31C3B300BA2D89 /* Flashcards_AppUITestsLaunchTests.swift */ = {isa = PBXFileReference; lastKnownFileType = sourcecode.swift; path = Flashcards_AppUITestsLaunchTests.swift; sourceTree = "<group>"; };
		09156D832A31C43B00BA2D89 /* ExerciseView.swift */ = {isa = PBXFileReference; lastKnownFileType = sourcecode.swift; path = ExerciseView.swift; sourceTree = "<group>"; };
		09156D862A31C46100BA2D89 /* Card.swift */ = {isa = PBXFileReference; lastKnownFileType = sourcecode.swift; path = Card.swift; sourceTree = "<group>"; };
		09156D892A31C86800BA2D89 /* Deck.swift */ = {isa = PBXFileReference; lastKnownFileType = sourcecode.swift; path = Deck.swift; sourceTree = "<group>"; };
		0933712A2A92510A00D0DC50 /* Decks.swift */ = {isa = PBXFileReference; lastKnownFileType = sourcecode.swift; path = Decks.swift; sourceTree = "<group>"; };
		0933712C2A92516700D0DC50 /* Language.swift */ = {isa = PBXFileReference; lastKnownFileType = sourcecode.swift; path = Language.swift; sourceTree = "<group>"; };
		0933712E2A92613C00D0DC50 /* AddDeckView.swift */ = {isa = PBXFileReference; lastKnownFileType = sourcecode.swift; path = AddDeckView.swift; sourceTree = "<group>"; };
		093455612A8515B70009ED8E /* BackWritingCardView.swift */ = {isa = PBXFileReference; lastKnownFileType = sourcecode.swift; path = BackWritingCardView.swift; sourceTree = "<group>"; };
		093455632A8516790009ED8E /* BackWritingRevealCardView.swift */ = {isa = PBXFileReference; lastKnownFileType = sourcecode.swift; path = BackWritingRevealCardView.swift; sourceTree = "<group>"; };
		093455652A851CC10009ED8E /* CorrectedTextView.swift */ = {isa = PBXFileReference; lastKnownFileType = sourcecode.swift; path = CorrectedTextView.swift; sourceTree = "<group>"; };
		0934557B2A86A7A40009ED8E /* GoogleTranslateApi.swift */ = {isa = PBXFileReference; lastKnownFileType = sourcecode.swift; path = GoogleTranslateApi.swift; sourceTree = "<group>"; };
		0942077F2A7D45BF009EAE2F /* PlaySoundButton.swift */ = {isa = PBXFileReference; lastKnownFileType = sourcecode.swift; path = PlaySoundButton.swift; sourceTree = "<group>"; };
		0942079B2A83BD38009EAE2F /* DeckSettingsView.swift */ = {isa = PBXFileReference; lastKnownFileType = sourcecode.swift; path = DeckSettingsView.swift; sourceTree = "<group>"; };
		094B22632A9241C900A0C578 /* DecksView.swift */ = {isa = PBXFileReference; lastKnownFileType = sourcecode.swift; path = DecksView.swift; sourceTree = "<group>"; };
		096D4F682A5DC3AE004C4C30 /* OutOfCardsView.swift */ = {isa = PBXFileReference; lastKnownFileType = sourcecode.swift; path = OutOfCardsView.swift; sourceTree = "<group>"; };
		096D4F6A2A5DD8EE004C4C30 /* ExerciseHeaderView.swift */ = {isa = PBXFileReference; lastKnownFileType = sourcecode.swift; path = ExerciseHeaderView.swift; sourceTree = "<group>"; };
		096D4F6C2A6345E4004C4C30 /* BrowseDeckView.swift */ = {isa = PBXFileReference; lastKnownFileType = sourcecode.swift; path = BrowseDeckView.swift; sourceTree = "<group>"; };
		096D4F6E2A65DDA7004C4C30 /* Vocab.swift */ = {isa = PBXFileReference; lastKnownFileType = sourcecode.swift; path = Vocab.swift; sourceTree = "<group>"; };
		096D4F702A65E19F004C4C30 /* SuggestView.swift */ = {isa = PBXFileReference; lastKnownFileType = sourcecode.swift; path = SuggestView.swift; sourceTree = "<group>"; };
		096D8FDE2A3724F800E402B5 /* AddCardView.swift */ = {isa = PBXFileReference; lastKnownFileType = sourcecode.swift; path = AddCardView.swift; sourceTree = "<group>"; };
		096D8FE22A37335800E402B5 /* EditCardView.swift */ = {isa = PBXFileReference; lastKnownFileType = sourcecode.swift; path = EditCardView.swift; sourceTree = "<group>"; };
		0973666E2ADD437D00A8A6FA /* FrontCardView.swift */ = {isa = PBXFileReference; fileEncoding = 4; lastKnownFileType = sourcecode.swift; path = FrontCardView.swift; sourceTree = "<group>"; };
		097366702ADD438E00A8A6FA /* RevealCardView.swift */ = {isa = PBXFileReference; fileEncoding = 4; lastKnownFileType = sourcecode.swift; path = RevealCardView.swift; sourceTree = "<group>"; };
		097366722ADD439500A8A6FA /* BackCardView.swift */ = {isa = PBXFileReference; fileEncoding = 4; lastKnownFileType = sourcecode.swift; path = BackCardView.swift; sourceTree = "<group>"; };
		097366742ADD439A00A8A6FA /* BackRevealCardView.swift */ = {isa = PBXFileReference; fileEncoding = 4; lastKnownFileType = sourcecode.swift; path = BackRevealCardView.swift; sourceTree = "<group>"; };
		097366782ADD4D1200A8A6FA /* CardTemplateView.swift */ = {isa = PBXFileReference; lastKnownFileType = sourcecode.swift; path = CardTemplateView.swift; sourceTree = "<group>"; };
		0978584C2A8FD822000A4908 /* WordTranslationLookupView.swift */ = {isa = PBXFileReference; lastKnownFileType = sourcecode.swift; path = WordTranslationLookupView.swift; sourceTree = "<group>"; };
		097858882A912264000A4908 /* TextFieldLookupView.swift */ = {isa = PBXFileReference; lastKnownFileType = sourcecode.swift; path = TextFieldLookupView.swift; sourceTree = "<group>"; };
		098A160D2A7263FA00D3CA84 /* MyForm.swift */ = {isa = PBXFileReference; lastKnownFileType = sourcecode.swift; path = MyForm.swift; sourceTree = "<group>"; };
		098FDEFE2A966C01009AD700 /* CardCountsView.swift */ = {isa = PBXFileReference; lastKnownFileType = sourcecode.swift; path = CardCountsView.swift; sourceTree = "<group>"; };
		098FDF122A98A0AF009AD700 /* Vocabs.swift */ = {isa = PBXFileReference; lastKnownFileType = sourcecode.swift; path = Vocabs.swift; sourceTree = "<group>"; };
		098FDF162A98AA32009AD700 /* GoogleService-Info.plist */ = {isa = PBXFileReference; fileEncoding = 4; lastKnownFileType = text.plist.xml; path = "GoogleService-Info.plist"; sourceTree = "<group>"; };
		098FDF1B2A98B409009AD700 /* Hindi.swift */ = {isa = PBXFileReference; lastKnownFileType = sourcecode.swift; path = Hindi.swift; sourceTree = "<group>"; };
		098FDF1F2A98EF8F009AD700 /* FreqView.swift */ = {isa = PBXFileReference; lastKnownFileType = sourcecode.swift; path = FreqView.swift; sourceTree = "<group>"; };
		098FDF232A9A0512009AD700 /* WordTypeView.swift */ = {isa = PBXFileReference; lastKnownFileType = sourcecode.swift; path = WordTypeView.swift; sourceTree = "<group>"; };
		09B171C42A93B2B400B30162 /* LazyVIew.swift */ = {isa = PBXFileReference; lastKnownFileType = sourcecode.swift; path = LazyVIew.swift; sourceTree = "<group>"; };
		09C87CD92AB05C400012064E /* LanguageAwareTextField.swift */ = {isa = PBXFileReference; lastKnownFileType = sourcecode.swift; path = LanguageAwareTextField.swift; sourceTree = "<group>"; };
		09C87CDB2AB063C20012064E /* PrivacyInfo.xcprivacy */ = {isa = PBXFileReference; lastKnownFileType = text.xml; path = PrivacyInfo.xcprivacy; sourceTree = "<group>"; };
		09C87D142AB4BBC30012064E /* SpotlightView.swift */ = {isa = PBXFileReference; lastKnownFileType = sourcecode.swift; path = SpotlightView.swift; sourceTree = "<group>"; };
		09D0C2152A92257D00FE36D1 /* SoundLookupView.swift */ = {isa = PBXFileReference; lastKnownFileType = sourcecode.swift; path = SoundLookupView.swift; sourceTree = "<group>"; };
		09D13DB72AADCBBD004E2A59 /* CardMoveView.swift */ = {isa = PBXFileReference; fileEncoding = 4; lastKnownFileType = sourcecode.swift; path = CardMoveView.swift; sourceTree = "<group>"; };
		09D13DB92AADCC01004E2A59 /* DifficultyButtonsView.swift */ = {isa = PBXFileReference; fileEncoding = 4; lastKnownFileType = sourcecode.swift; path = DifficultyButtonsView.swift; sourceTree = "<group>"; };
		09D1933F2AFF7A530008A0FA /* LanguageAwareTexts.swift */ = {isa = PBXFileReference; fileEncoding = 4; lastKnownFileType = sourcecode.swift; path = LanguageAwareTexts.swift; sourceTree = "<group>"; };
		09D193412AFF7A670008A0FA /* Chinese.swift */ = {isa = PBXFileReference; fileEncoding = 4; lastKnownFileType = sourcecode.swift; path = Chinese.swift; sourceTree = "<group>"; };
		09D193452AFF7B160008A0FA /* chi.txt */ = {isa = PBXFileReference; fileEncoding = 4; lastKnownFileType = text; path = chi.txt; sourceTree = "<group>"; };
/* End PBXFileReference section */

/* Begin PBXFrameworksBuildPhase section */
		09156D532A31C3AF00BA2D89 /* Frameworks */ = {
			isa = PBXFrameworksBuildPhase;
			buildActionMask = 2147483647;
			files = (
				094207742A7D1100009EAE2F /* Zip in Frameworks */,
				0980AF752C2AF07D00583270 /* HanziWriter in Frameworks */,
				098FDF082A97AC4C009AD700 /* FirebaseStorage in Frameworks */,
				093455562A8408FA0009ED8E /* DequeModule in Frameworks */,
				098FDF062A97AC4C009AD700 /* FirebaseAnalytics in Frameworks */,
			);
			runOnlyForDeploymentPostprocessing = 0;
		};
		09156D632A31C3B300BA2D89 /* Frameworks */ = {
			isa = PBXFrameworksBuildPhase;
			buildActionMask = 2147483647;
			files = (
			);
			runOnlyForDeploymentPostprocessing = 0;
		};
		09156D6D2A31C3B300BA2D89 /* Frameworks */ = {
			isa = PBXFrameworksBuildPhase;
			buildActionMask = 2147483647;
			files = (
			);
			runOnlyForDeploymentPostprocessing = 0;
		};
/* End PBXFrameworksBuildPhase section */

/* Begin PBXGroup section */
		0912C8852C29FE8800400F94 /* Japanese */ = {
			isa = PBXGroup;
			children = (
				0912C87F2C29FE8800400F94 /* KanaWritingCardView.swift */,
				0912C8802C29FE8800400F94 /* KanaWritingRevealCardView.swift */,
				0912C8812C29FE8800400F94 /* KanjiToTranslationRevealView.swift */,
				0912C8822C29FE8800400F94 /* KanjiToTranslationView.swift */,
				0912C8832C29FE8800400F94 /* ScribblingExerciseView.swift */,
				0912C8842C29FE8800400F94 /* ScribblingRevealExerciseView.swift */,
			);
			path = Japanese;
			sourceTree = "<group>";
		};
		09156D4D2A31C3AF00BA2D89 = {
			isa = PBXGroup;
			children = (
				09156D582A31C3AF00BA2D89 /* Flashcards App */,
				09156D692A31C3B300BA2D89 /* Flashcards AppTests */,
				09156D732A31C3B300BA2D89 /* Flashcards AppUITests */,
				09156D572A31C3AF00BA2D89 /* Products */,
			);
			sourceTree = "<group>";
		};
		09156D572A31C3AF00BA2D89 /* Products */ = {
			isa = PBXGroup;
			children = (
				09156D562A31C3AF00BA2D89 /* Flashcards App.app */,
				09156D662A31C3B300BA2D89 /* Flashcards AppTests.xctest */,
				09156D702A31C3B300BA2D89 /* Flashcards AppUITests.xctest */,
			);
			name = Products;
			sourceTree = "<group>";
		};
		09156D582A31C3AF00BA2D89 /* Flashcards App */ = {
			isa = PBXGroup;
			children = (
				0973667A2ADD557E00A8A6FA /* Data */,
				098FDF162A98AA32009AD700 /* GoogleService-Info.plist */,
				09156D882A31C46500BA2D89 /* Model */,
				09156D852A31C44900BA2D89 /* Views */,
				09156D592A31C3AF00BA2D89 /* Flashcards_AppApp.swift */,
				09156D5B2A31C3AF00BA2D89 /* ContentView.swift */,
				09156D5D2A31C3B200BA2D89 /* Assets.xcassets */,
				09156D5F2A31C3B200BA2D89 /* Preview Content */,
				09C87CDB2AB063C20012064E /* PrivacyInfo.xcprivacy */,
			);
			path = "Flashcards App";
			sourceTree = "<group>";
		};
		09156D5F2A31C3B200BA2D89 /* Preview Content */ = {
			isa = PBXGroup;
			children = (
				09156D602A31C3B200BA2D89 /* Preview Assets.xcassets */,
			);
			path = "Preview Content";
			sourceTree = "<group>";
		};
		09156D692A31C3B300BA2D89 /* Flashcards AppTests */ = {
			isa = PBXGroup;
			children = (
				09156D6A2A31C3B300BA2D89 /* Flashcards_AppTests.swift */,
			);
			path = "Flashcards AppTests";
			sourceTree = "<group>";
		};
		09156D732A31C3B300BA2D89 /* Flashcards AppUITests */ = {
			isa = PBXGroup;
			children = (
				09156D742A31C3B300BA2D89 /* Flashcards_AppUITests.swift */,
				09156D762A31C3B300BA2D89 /* Flashcards_AppUITestsLaunchTests.swift */,
			);
			path = "Flashcards AppUITests";
			sourceTree = "<group>";
		};
		09156D852A31C44900BA2D89 /* Views */ = {
			isa = PBXGroup;
			children = (
				093455602A85120B0009ED8E /* CardViews */,
				098A16112A72641C00D3CA84 /* Util */,
				096D8FDE2A3724F800E402B5 /* AddCardView.swift */,
				09D13DB72AADCBBD004E2A59 /* CardMoveView.swift */,
				094B22632A9241C900A0C578 /* DecksView.swift */,
				0933712E2A92613C00D0DC50 /* AddDeckView.swift */,
				09D13DB92AADCC01004E2A59 /* DifficultyButtonsView.swift */,
				0978584C2A8FD822000A4908 /* WordTranslationLookupView.swift */,
				096D4F702A65E19F004C4C30 /* SuggestView.swift */,
				0942079B2A83BD38009EAE2F /* DeckSettingsView.swift */,
				09156D832A31C43B00BA2D89 /* ExerciseView.swift */,
				098FDEFE2A966C01009AD700 /* CardCountsView.swift */,
				096D4F682A5DC3AE004C4C30 /* OutOfCardsView.swift */,
				096D8FE22A37335800E402B5 /* EditCardView.swift */,
				096D4F6A2A5DD8EE004C4C30 /* ExerciseHeaderView.swift */,
				096D4F6C2A6345E4004C4C30 /* BrowseDeckView.swift */,
				097366782ADD4D1200A8A6FA /* CardTemplateView.swift */,
			);
			path = Views;
			sourceTree = "<group>";
		};
		09156D882A31C46500BA2D89 /* Model */ = {
			isa = PBXGroup;
			children = (
				098FDF1A2A98B3EA009AD700 /* LanguagesLogic */,
				098FDF0D2A989D9E009AD700 /* API */,
				09156D862A31C46100BA2D89 /* Card.swift */,
				09156D892A31C86800BA2D89 /* Deck.swift */,
				096D4F6E2A65DDA7004C4C30 /* Vocab.swift */,
				0933712A2A92510A00D0DC50 /* Decks.swift */,
				0933712C2A92516700D0DC50 /* Language.swift */,
				09D1933F2AFF7A530008A0FA /* LanguageAwareTexts.swift */,
				098FDF122A98A0AF009AD700 /* Vocabs.swift */,
				0912C87A2C29EF0700400F94 /* ScribbleCharacterHolder.swift */,
			);
			path = Model;
			sourceTree = "<group>";
		};
		093455602A85120B0009ED8E /* CardViews */ = {
			isa = PBXGroup;
			children = (
				0912C8852C29FE8800400F94 /* Japanese */,
				0973666E2ADD437D00A8A6FA /* FrontCardView.swift */,
				097366702ADD438E00A8A6FA /* RevealCardView.swift */,
				097366722ADD439500A8A6FA /* BackCardView.swift */,
				097366742ADD439A00A8A6FA /* BackRevealCardView.swift */,
				093455612A8515B70009ED8E /* BackWritingCardView.swift */,
				093455632A8516790009ED8E /* BackWritingRevealCardView.swift */,
			);
			path = CardViews;
			sourceTree = "<group>";
		};
		0973667A2ADD557E00A8A6FA /* Data */ = {
			isa = PBXGroup;
			children = (
				0912C8922C2AE59500400F94 /* kana.json */,
				0912C8902C2AE55000400F94 /* kanji.json */,
				09D193452AFF7B160008A0FA /* chi.txt */,
			);
			path = Data;
			sourceTree = "<group>";
		};
		098A16112A72641C00D3CA84 /* Util */ = {
			isa = PBXGroup;
			children = (
				097858882A912264000A4908 /* TextFieldLookupView.swift */,
				09D0C2152A92257D00FE36D1 /* SoundLookupView.swift */,
				098A160D2A7263FA00D3CA84 /* MyForm.swift */,
				0942077F2A7D45BF009EAE2F /* PlaySoundButton.swift */,
				093455652A851CC10009ED8E /* CorrectedTextView.swift */,
				09B171C42A93B2B400B30162 /* LazyVIew.swift */,
				098FDF1F2A98EF8F009AD700 /* FreqView.swift */,
				098FDF232A9A0512009AD700 /* WordTypeView.swift */,
				09C87CD92AB05C400012064E /* LanguageAwareTextField.swift */,
				09C87D142AB4BBC30012064E /* SpotlightView.swift */,
			);
			path = Util;
			sourceTree = "<group>";
		};
		098FDF0D2A989D9E009AD700 /* API */ = {
			isa = PBXGroup;
			children = (
				0934557B2A86A7A40009ED8E /* GoogleTranslateApi.swift */,
			);
			path = API;
			sourceTree = "<group>";
		};
		098FDF1A2A98B3EA009AD700 /* LanguagesLogic */ = {
			isa = PBXGroup;
			children = (
				09D193412AFF7A670008A0FA /* Chinese.swift */,
				098FDF1B2A98B409009AD700 /* Hindi.swift */,
			);
			path = LanguagesLogic;
			sourceTree = "<group>";
		};
/* End PBXGroup section */

/* Begin PBXNativeTarget section */
		09156D552A31C3AF00BA2D89 /* Flashcards App */ = {
			isa = PBXNativeTarget;
			buildConfigurationList = 09156D7A2A31C3B300BA2D89 /* Build configuration list for PBXNativeTarget "Flashcards App" */;
			buildPhases = (
				09156D522A31C3AF00BA2D89 /* Sources */,
				09156D532A31C3AF00BA2D89 /* Frameworks */,
				09156D542A31C3AF00BA2D89 /* Resources */,
			);
			buildRules = (
			);
			dependencies = (
			);
			name = "Flashcards App";
			packageProductDependencies = (
				094207732A7D1100009EAE2F /* Zip */,
				093455552A8408FA0009ED8E /* DequeModule */,
				098FDF052A97AC4C009AD700 /* FirebaseAnalytics */,
				098FDF072A97AC4C009AD700 /* FirebaseStorage */,
				0980AF742C2AF07D00583270 /* HanziWriter */,
			);
			productName = "Flashcards App";
			productReference = 09156D562A31C3AF00BA2D89 /* Flashcards App.app */;
			productType = "com.apple.product-type.application";
		};
		09156D652A31C3B300BA2D89 /* Flashcards AppTests */ = {
			isa = PBXNativeTarget;
			buildConfigurationList = 09156D7D2A31C3B300BA2D89 /* Build configuration list for PBXNativeTarget "Flashcards AppTests" */;
			buildPhases = (
				09156D622A31C3B300BA2D89 /* Sources */,
				09156D632A31C3B300BA2D89 /* Frameworks */,
				09156D642A31C3B300BA2D89 /* Resources */,
			);
			buildRules = (
			);
			dependencies = (
				09156D682A31C3B300BA2D89 /* PBXTargetDependency */,
			);
			name = "Flashcards AppTests";
			productName = "Flashcards AppTests";
			productReference = 09156D662A31C3B300BA2D89 /* Flashcards AppTests.xctest */;
			productType = "com.apple.product-type.bundle.unit-test";
		};
		09156D6F2A31C3B300BA2D89 /* Flashcards AppUITests */ = {
			isa = PBXNativeTarget;
			buildConfigurationList = 09156D802A31C3B300BA2D89 /* Build configuration list for PBXNativeTarget "Flashcards AppUITests" */;
			buildPhases = (
				09156D6C2A31C3B300BA2D89 /* Sources */,
				09156D6D2A31C3B300BA2D89 /* Frameworks */,
				09156D6E2A31C3B300BA2D89 /* Resources */,
			);
			buildRules = (
			);
			dependencies = (
				09156D722A31C3B300BA2D89 /* PBXTargetDependency */,
			);
			name = "Flashcards AppUITests";
			productName = "Flashcards AppUITests";
			productReference = 09156D702A31C3B300BA2D89 /* Flashcards AppUITests.xctest */;
			productType = "com.apple.product-type.bundle.ui-testing";
		};
/* End PBXNativeTarget section */

/* Begin PBXProject section */
		09156D4E2A31C3AF00BA2D89 /* Project object */ = {
			isa = PBXProject;
			attributes = {
				BuildIndependentTargetsInParallel = 1;
				LastSwiftUpdateCheck = 1420;
				LastUpgradeCheck = 1500;
				TargetAttributes = {
					09156D552A31C3AF00BA2D89 = {
						CreatedOnToolsVersion = 14.2;
					};
					09156D652A31C3B300BA2D89 = {
						CreatedOnToolsVersion = 14.2;
						TestTargetID = 09156D552A31C3AF00BA2D89;
					};
					09156D6F2A31C3B300BA2D89 = {
						CreatedOnToolsVersion = 14.2;
						TestTargetID = 09156D552A31C3AF00BA2D89;
					};
				};
			};
			buildConfigurationList = 09156D512A31C3AF00BA2D89 /* Build configuration list for PBXProject "Flashcards App" */;
			compatibilityVersion = "Xcode 14.0";
			developmentRegion = en;
			hasScannedForEncodings = 0;
			knownRegions = (
				en,
				Base,
			);
			mainGroup = 09156D4D2A31C3AF00BA2D89;
			packageReferences = (
				094207722A7D10FF009EAE2F /* XCRemoteSwiftPackageReference "Zip" */,
				0942079D2A83C62F009EAE2F /* XCRemoteSwiftPackageReference "swift-collections" */,
				098FDF042A97AC4C009AD700 /* XCRemoteSwiftPackageReference "firebase-ios-sdk" */,
				0980AF732C2AF07C00583270 /* XCRemoteSwiftPackageReference "hanzi_writer" */,
			);
			productRefGroup = 09156D572A31C3AF00BA2D89 /* Products */;
			projectDirPath = "";
			projectRoot = "";
			targets = (
				09156D552A31C3AF00BA2D89 /* Flashcards App */,
				09156D652A31C3B300BA2D89 /* Flashcards AppTests */,
				09156D6F2A31C3B300BA2D89 /* Flashcards AppUITests */,
			);
		};
/* End PBXProject section */

/* Begin PBXResourcesBuildPhase section */
		09156D542A31C3AF00BA2D89 /* Resources */ = {
			isa = PBXResourcesBuildPhase;
			buildActionMask = 2147483647;
			files = (
				098FDF172A98AA32009AD700 /* GoogleService-Info.plist in Resources */,
				09D193462AFF7B160008A0FA /* chi.txt in Resources */,
				0912C8912C2AE55000400F94 /* kanji.json in Resources */,
				09156D612A31C3B200BA2D89 /* Preview Assets.xcassets in Resources */,
				0912C8932C2AE59500400F94 /* kana.json in Resources */,
				09156D5E2A31C3B200BA2D89 /* Assets.xcassets in Resources */,
			);
			runOnlyForDeploymentPostprocessing = 0;
		};
		09156D642A31C3B300BA2D89 /* Resources */ = {
			isa = PBXResourcesBuildPhase;
			buildActionMask = 2147483647;
			files = (
				098FDF182A98AA32009AD700 /* GoogleService-Info.plist in Resources */,
			);
			runOnlyForDeploymentPostprocessing = 0;
		};
		09156D6E2A31C3B300BA2D89 /* Resources */ = {
			isa = PBXResourcesBuildPhase;
			buildActionMask = 2147483647;
			files = (
				098FDF192A98AA32009AD700 /* GoogleService-Info.plist in Resources */,
			);
			runOnlyForDeploymentPostprocessing = 0;
		};
/* End PBXResourcesBuildPhase section */

/* Begin PBXSourcesBuildPhase section */
		09156D522A31C3AF00BA2D89 /* Sources */ = {
			isa = PBXSourcesBuildPhase;
			buildActionMask = 2147483647;
			files = (
				098FDEFF2A966C01009AD700 /* CardCountsView.swift in Sources */,
				0912C87B2C29EF0700400F94 /* ScribbleCharacterHolder.swift in Sources */,
				09D13DB82AADCBBD004E2A59 /* CardMoveView.swift in Sources */,
				0973666F2ADD437D00A8A6FA /* FrontCardView.swift in Sources */,
				097366732ADD439500A8A6FA /* BackCardView.swift in Sources */,
				0933712B2A92510A00D0DC50 /* Decks.swift in Sources */,
				098FDF1C2A98B409009AD700 /* Hindi.swift in Sources */,
				0912C8862C29FE8800400F94 /* KanaWritingCardView.swift in Sources */,
				09B171C52A93B2B400B30162 /* LazyVIew.swift in Sources */,
				09D193402AFF7A530008A0FA /* LanguageAwareTexts.swift in Sources */,
				093455642A8516790009ED8E /* BackWritingRevealCardView.swift in Sources */,
				0934557C2A86A7A40009ED8E /* GoogleTranslateApi.swift in Sources */,
				0933712D2A92516700D0DC50 /* Language.swift in Sources */,
				094B22642A9241C900A0C578 /* DecksView.swift in Sources */,
				0912C88B2C29FE8800400F94 /* ScribblingRevealExerciseView.swift in Sources */,
				09156D842A31C43B00BA2D89 /* ExerciseView.swift in Sources */,
				097366792ADD4D1200A8A6FA /* CardTemplateView.swift in Sources */,
				09D13DBA2AADCC01004E2A59 /* DifficultyButtonsView.swift in Sources */,
				0912C88A2C29FE8800400F94 /* ScribblingExerciseView.swift in Sources */,
				0912C8892C29FE8800400F94 /* KanjiToTranslationView.swift in Sources */,
				098FDF242A9A0512009AD700 /* WordTypeView.swift in Sources */,
				093455622A8515B70009ED8E /* BackWritingCardView.swift in Sources */,
				09156D872A31C46100BA2D89 /* Card.swift in Sources */,
				093455662A851CC10009ED8E /* CorrectedTextView.swift in Sources */,
				096D4F6B2A5DD8EE004C4C30 /* ExerciseHeaderView.swift in Sources */,
				096D8FE32A37335800E402B5 /* EditCardView.swift in Sources */,
				09D0C2162A92257D00FE36D1 /* SoundLookupView.swift in Sources */,
				097858892A912264000A4908 /* TextFieldLookupView.swift in Sources */,
				0933712F2A92613C00D0DC50 /* AddDeckView.swift in Sources */,
				096D4F692A5DC3AE004C4C30 /* OutOfCardsView.swift in Sources */,
				096D4F6F2A65DDA7004C4C30 /* Vocab.swift in Sources */,
				096D4F712A65E19F004C4C30 /* SuggestView.swift in Sources */,
				098FDF202A98EF8F009AD700 /* FreqView.swift in Sources */,
				098FDF132A98A0AF009AD700 /* Vocabs.swift in Sources */,
				097366712ADD438E00A8A6FA /* RevealCardView.swift in Sources */,
				096D8FDF2A3724F800E402B5 /* AddCardView.swift in Sources */,
				098A160E2A7263FA00D3CA84 /* MyForm.swift in Sources */,
				0942079C2A83BD38009EAE2F /* DeckSettingsView.swift in Sources */,
				097366752ADD439A00A8A6FA /* BackRevealCardView.swift in Sources */,
				096D4F6D2A6345E4004C4C30 /* BrowseDeckView.swift in Sources */,
				0912C8882C29FE8800400F94 /* KanjiToTranslationRevealView.swift in Sources */,
				09C87D152AB4BBC30012064E /* SpotlightView.swift in Sources */,
				094207802A7D45BF009EAE2F /* PlaySoundButton.swift in Sources */,
				0978584D2A8FD822000A4908 /* WordTranslationLookupView.swift in Sources */,
				09C87CDA2AB05C400012064E /* LanguageAwareTextField.swift in Sources */,
				0912C8872C29FE8800400F94 /* KanaWritingRevealCardView.swift in Sources */,
				09156D8A2A31C86800BA2D89 /* Deck.swift in Sources */,
				09156D5C2A31C3AF00BA2D89 /* ContentView.swift in Sources */,
				09156D5A2A31C3AF00BA2D89 /* Flashcards_AppApp.swift in Sources */,
				09D193422AFF7A670008A0FA /* Chinese.swift in Sources */,
			);
			runOnlyForDeploymentPostprocessing = 0;
		};
		09156D622A31C3B300BA2D89 /* Sources */ = {
			isa = PBXSourcesBuildPhase;
			buildActionMask = 2147483647;
			files = (
				098FDF252A9A0512009AD700 /* WordTypeView.swift in Sources */,
				098FDF142A98A0AF009AD700 /* Vocabs.swift in Sources */,
				098FDF1D2A98B409009AD700 /* Hindi.swift in Sources */,
				098FDF212A98EF8F009AD700 /* FreqView.swift in Sources */,
				09156D6B2A31C3B300BA2D89 /* Flashcards_AppTests.swift in Sources */,
			);
			runOnlyForDeploymentPostprocessing = 0;
		};
		09156D6C2A31C3B300BA2D89 /* Sources */ = {
			isa = PBXSourcesBuildPhase;
			buildActionMask = 2147483647;
			files = (
				09156D752A31C3B300BA2D89 /* Flashcards_AppUITests.swift in Sources */,
				09156D772A31C3B300BA2D89 /* Flashcards_AppUITestsLaunchTests.swift in Sources */,
				098FDF222A98EF8F009AD700 /* FreqView.swift in Sources */,
				098FDF1E2A98B409009AD700 /* Hindi.swift in Sources */,
				098FDF262A9A0513009AD700 /* WordTypeView.swift in Sources */,
				098FDF152A98A0AF009AD700 /* Vocabs.swift in Sources */,
			);
			runOnlyForDeploymentPostprocessing = 0;
		};
/* End PBXSourcesBuildPhase section */

/* Begin PBXTargetDependency section */
		09156D682A31C3B300BA2D89 /* PBXTargetDependency */ = {
			isa = PBXTargetDependency;
			target = 09156D552A31C3AF00BA2D89 /* Flashcards App */;
			targetProxy = 09156D672A31C3B300BA2D89 /* PBXContainerItemProxy */;
		};
		09156D722A31C3B300BA2D89 /* PBXTargetDependency */ = {
			isa = PBXTargetDependency;
			target = 09156D552A31C3AF00BA2D89 /* Flashcards App */;
			targetProxy = 09156D712A31C3B300BA2D89 /* PBXContainerItemProxy */;
		};
/* End PBXTargetDependency section */

/* Begin XCBuildConfiguration section */
		09156D782A31C3B300BA2D89 /* Debug */ = {
			isa = XCBuildConfiguration;
			buildSettings = {
				ALWAYS_SEARCH_USER_PATHS = NO;
				ASSETCATALOG_COMPILER_GENERATE_SWIFT_ASSET_SYMBOL_EXTENSIONS = YES;
				CLANG_ANALYZER_NONNULL = YES;
				CLANG_ANALYZER_NUMBER_OBJECT_CONVERSION = YES_AGGRESSIVE;
				CLANG_CXX_LANGUAGE_STANDARD = "gnu++20";
				CLANG_ENABLE_MODULES = YES;
				CLANG_ENABLE_OBJC_ARC = YES;
				CLANG_ENABLE_OBJC_WEAK = YES;
				CLANG_WARN_BLOCK_CAPTURE_AUTORELEASING = YES;
				CLANG_WARN_BOOL_CONVERSION = YES;
				CLANG_WARN_COMMA = YES;
				CLANG_WARN_CONSTANT_CONVERSION = YES;
				CLANG_WARN_DEPRECATED_OBJC_IMPLEMENTATIONS = YES;
				CLANG_WARN_DIRECT_OBJC_ISA_USAGE = YES_ERROR;
				CLANG_WARN_DOCUMENTATION_COMMENTS = YES;
				CLANG_WARN_EMPTY_BODY = YES;
				CLANG_WARN_ENUM_CONVERSION = YES;
				CLANG_WARN_INFINITE_RECURSION = YES;
				CLANG_WARN_INT_CONVERSION = YES;
				CLANG_WARN_NON_LITERAL_NULL_CONVERSION = YES;
				CLANG_WARN_OBJC_IMPLICIT_RETAIN_SELF = YES;
				CLANG_WARN_OBJC_LITERAL_CONVERSION = YES;
				CLANG_WARN_OBJC_ROOT_CLASS = YES_ERROR;
				CLANG_WARN_QUOTED_INCLUDE_IN_FRAMEWORK_HEADER = YES;
				CLANG_WARN_RANGE_LOOP_ANALYSIS = YES;
				CLANG_WARN_STRICT_PROTOTYPES = YES;
				CLANG_WARN_SUSPICIOUS_MOVE = YES;
				CLANG_WARN_UNGUARDED_AVAILABILITY = YES_AGGRESSIVE;
				CLANG_WARN_UNREACHABLE_CODE = YES;
				CLANG_WARN__DUPLICATE_METHOD_MATCH = YES;
				COPY_PHASE_STRIP = NO;
				DEBUG_INFORMATION_FORMAT = dwarf;
				ENABLE_STRICT_OBJC_MSGSEND = YES;
				ENABLE_TESTABILITY = YES;
				ENABLE_USER_SCRIPT_SANDBOXING = YES;
				GCC_C_LANGUAGE_STANDARD = gnu11;
				GCC_DYNAMIC_NO_PIC = NO;
				GCC_NO_COMMON_BLOCKS = YES;
				GCC_OPTIMIZATION_LEVEL = 0;
				GCC_PREPROCESSOR_DEFINITIONS = (
					"DEBUG=1",
					"$(inherited)",
				);
				GCC_WARN_64_TO_32_BIT_CONVERSION = YES;
				GCC_WARN_ABOUT_RETURN_TYPE = YES_ERROR;
				GCC_WARN_UNDECLARED_SELECTOR = YES;
				GCC_WARN_UNINITIALIZED_AUTOS = YES_AGGRESSIVE;
				GCC_WARN_UNUSED_FUNCTION = YES;
				GCC_WARN_UNUSED_VARIABLE = YES;
				IPHONEOS_DEPLOYMENT_TARGET = 16.2;
				MTL_ENABLE_DEBUG_INFO = INCLUDE_SOURCE;
				MTL_FAST_MATH = YES;
				ONLY_ACTIVE_ARCH = YES;
				SDKROOT = iphoneos;
				SWIFT_ACTIVE_COMPILATION_CONDITIONS = DEBUG;
				SWIFT_OPTIMIZATION_LEVEL = "-Onone";
			};
			name = Debug;
		};
		09156D792A31C3B300BA2D89 /* Release */ = {
			isa = XCBuildConfiguration;
			buildSettings = {
				ALWAYS_SEARCH_USER_PATHS = NO;
				ASSETCATALOG_COMPILER_GENERATE_SWIFT_ASSET_SYMBOL_EXTENSIONS = YES;
				CLANG_ANALYZER_NONNULL = YES;
				CLANG_ANALYZER_NUMBER_OBJECT_CONVERSION = YES_AGGRESSIVE;
				CLANG_CXX_LANGUAGE_STANDARD = "gnu++20";
				CLANG_ENABLE_MODULES = YES;
				CLANG_ENABLE_OBJC_ARC = YES;
				CLANG_ENABLE_OBJC_WEAK = YES;
				CLANG_WARN_BLOCK_CAPTURE_AUTORELEASING = YES;
				CLANG_WARN_BOOL_CONVERSION = YES;
				CLANG_WARN_COMMA = YES;
				CLANG_WARN_CONSTANT_CONVERSION = YES;
				CLANG_WARN_DEPRECATED_OBJC_IMPLEMENTATIONS = YES;
				CLANG_WARN_DIRECT_OBJC_ISA_USAGE = YES_ERROR;
				CLANG_WARN_DOCUMENTATION_COMMENTS = YES;
				CLANG_WARN_EMPTY_BODY = YES;
				CLANG_WARN_ENUM_CONVERSION = YES;
				CLANG_WARN_INFINITE_RECURSION = YES;
				CLANG_WARN_INT_CONVERSION = YES;
				CLANG_WARN_NON_LITERAL_NULL_CONVERSION = YES;
				CLANG_WARN_OBJC_IMPLICIT_RETAIN_SELF = YES;
				CLANG_WARN_OBJC_LITERAL_CONVERSION = YES;
				CLANG_WARN_OBJC_ROOT_CLASS = YES_ERROR;
				CLANG_WARN_QUOTED_INCLUDE_IN_FRAMEWORK_HEADER = YES;
				CLANG_WARN_RANGE_LOOP_ANALYSIS = YES;
				CLANG_WARN_STRICT_PROTOTYPES = YES;
				CLANG_WARN_SUSPICIOUS_MOVE = YES;
				CLANG_WARN_UNGUARDED_AVAILABILITY = YES_AGGRESSIVE;
				CLANG_WARN_UNREACHABLE_CODE = YES;
				CLANG_WARN__DUPLICATE_METHOD_MATCH = YES;
				COPY_PHASE_STRIP = NO;
				DEBUG_INFORMATION_FORMAT = "dwarf-with-dsym";
				ENABLE_NS_ASSERTIONS = NO;
				ENABLE_STRICT_OBJC_MSGSEND = YES;
				ENABLE_USER_SCRIPT_SANDBOXING = YES;
				GCC_C_LANGUAGE_STANDARD = gnu11;
				GCC_NO_COMMON_BLOCKS = YES;
				GCC_WARN_64_TO_32_BIT_CONVERSION = YES;
				GCC_WARN_ABOUT_RETURN_TYPE = YES_ERROR;
				GCC_WARN_UNDECLARED_SELECTOR = YES;
				GCC_WARN_UNINITIALIZED_AUTOS = YES_AGGRESSIVE;
				GCC_WARN_UNUSED_FUNCTION = YES;
				GCC_WARN_UNUSED_VARIABLE = YES;
				IPHONEOS_DEPLOYMENT_TARGET = 16.2;
				MTL_ENABLE_DEBUG_INFO = NO;
				MTL_FAST_MATH = YES;
				SDKROOT = iphoneos;
				SWIFT_COMPILATION_MODE = wholemodule;
				SWIFT_OPTIMIZATION_LEVEL = "-O";
				VALIDATE_PRODUCT = YES;
			};
			name = Release;
		};
		09156D7B2A31C3B300BA2D89 /* Debug */ = {
			isa = XCBuildConfiguration;
			buildSettings = {
				ASSETCATALOG_COMPILER_APPICON_NAME = AppIcon;
				ASSETCATALOG_COMPILER_GLOBAL_ACCENT_COLOR_NAME = AccentColor;
				ASSETCATALOG_COMPILER_INCLUDE_ALL_APPICON_ASSETS = YES;
				CODE_SIGN_IDENTITY = "Apple Development";
				CODE_SIGN_STYLE = Automatic;
				CURRENT_PROJECT_VERSION = 3;
				DEVELOPMENT_ASSET_PATHS = "\"Flashcards App/Preview Content\"";
				DEVELOPMENT_TEAM = 9RWD5U99FS;
				ENABLE_PREVIEWS = YES;
				GENERATE_INFOPLIST_FILE = YES;
				INFOPLIST_KEY_CFBundleDisplayName = Tongue;
				INFOPLIST_KEY_LSApplicationCategoryType = "public.app-category.education";
				INFOPLIST_KEY_UIApplicationSceneManifest_Generation = YES;
				INFOPLIST_KEY_UIApplicationSupportsIndirectInputEvents = YES;
				INFOPLIST_KEY_UILaunchScreen_Generation = YES;
				INFOPLIST_KEY_UISupportedInterfaceOrientations = UIInterfaceOrientationPortrait;
				INFOPLIST_KEY_UISupportedInterfaceOrientations_iPad = "UIInterfaceOrientationLandscapeLeft UIInterfaceOrientationLandscapeRight UIInterfaceOrientationPortrait UIInterfaceOrientationPortraitUpsideDown";
				LD_RUNPATH_SEARCH_PATHS = (
					"$(inherited)",
					"@executable_path/Frameworks",
				);
				MARKETING_VERSION = 1.2;
				PRODUCT_BUNDLE_IDENTIFIER = "mgaiduk.Flashcards-App";
				PRODUCT_NAME = "$(TARGET_NAME)";
				PROVISIONING_PROFILE_SPECIFIER = "";
				SWIFT_EMIT_LOC_STRINGS = YES;
				SWIFT_VERSION = 5.0;
				TARGETED_DEVICE_FAMILY = "1,2";
			};
			name = Debug;
		};
		09156D7C2A31C3B300BA2D89 /* Release */ = {
			isa = XCBuildConfiguration;
			buildSettings = {
				ASSETCATALOG_COMPILER_APPICON_NAME = AppIcon;
				ASSETCATALOG_COMPILER_GLOBAL_ACCENT_COLOR_NAME = AccentColor;
				ASSETCATALOG_COMPILER_INCLUDE_ALL_APPICON_ASSETS = YES;
				CODE_SIGN_STYLE = Automatic;
				CURRENT_PROJECT_VERSION = 3;
				DEVELOPMENT_ASSET_PATHS = "\"Flashcards App/Preview Content\"";
				DEVELOPMENT_TEAM = 9RWD5U99FS;
				ENABLE_PREVIEWS = YES;
				GENERATE_INFOPLIST_FILE = YES;
				INFOPLIST_KEY_CFBundleDisplayName = Tongue;
				INFOPLIST_KEY_LSApplicationCategoryType = "public.app-category.education";
				INFOPLIST_KEY_UIApplicationSceneManifest_Generation = YES;
				INFOPLIST_KEY_UIApplicationSupportsIndirectInputEvents = YES;
				INFOPLIST_KEY_UILaunchScreen_Generation = YES;
				INFOPLIST_KEY_UISupportedInterfaceOrientations = UIInterfaceOrientationPortrait;
				INFOPLIST_KEY_UISupportedInterfaceOrientations_iPad = "UIInterfaceOrientationLandscapeLeft UIInterfaceOrientationLandscapeRight UIInterfaceOrientationPortrait UIInterfaceOrientationPortraitUpsideDown";
				LD_RUNPATH_SEARCH_PATHS = (
					"$(inherited)",
					"@executable_path/Frameworks",
				);
				MARKETING_VERSION = 1.2;
				PRODUCT_BUNDLE_IDENTIFIER = "mgaiduk.Flashcards-App";
				PRODUCT_NAME = "$(TARGET_NAME)";
				SWIFT_EMIT_LOC_STRINGS = YES;
				SWIFT_VERSION = 5.0;
				TARGETED_DEVICE_FAMILY = "1,2";
			};
			name = Release;
		};
		09156D7E2A31C3B300BA2D89 /* Debug */ = {
			isa = XCBuildConfiguration;
			buildSettings = {
				ALWAYS_EMBED_SWIFT_STANDARD_LIBRARIES = YES;
				BUNDLE_LOADER = "$(TEST_HOST)";
				CODE_SIGN_STYLE = Automatic;
				CURRENT_PROJECT_VERSION = 1;
				DEVELOPMENT_TEAM = 4LZSXT57C3;
				GENERATE_INFOPLIST_FILE = YES;
				IPHONEOS_DEPLOYMENT_TARGET = 16.2;
				MARKETING_VERSION = 1.0;
				PRODUCT_BUNDLE_IDENTIFIER = "mgaiduk.Flashcards-AppTests";
				PRODUCT_NAME = "$(TARGET_NAME)";
				SWIFT_EMIT_LOC_STRINGS = NO;
				SWIFT_VERSION = 5.0;
				TARGETED_DEVICE_FAMILY = "1,2";
				TEST_HOST = "$(BUILT_PRODUCTS_DIR)/Flashcards App.app/$(BUNDLE_EXECUTABLE_FOLDER_PATH)/Flashcards App";
			};
			name = Debug;
		};
		09156D7F2A31C3B300BA2D89 /* Release */ = {
			isa = XCBuildConfiguration;
			buildSettings = {
				ALWAYS_EMBED_SWIFT_STANDARD_LIBRARIES = YES;
				BUNDLE_LOADER = "$(TEST_HOST)";
				CODE_SIGN_STYLE = Automatic;
				CURRENT_PROJECT_VERSION = 1;
				DEVELOPMENT_TEAM = 4LZSXT57C3;
				GENERATE_INFOPLIST_FILE = YES;
				IPHONEOS_DEPLOYMENT_TARGET = 16.2;
				MARKETING_VERSION = 1.0;
				PRODUCT_BUNDLE_IDENTIFIER = "mgaiduk.Flashcards-AppTests";
				PRODUCT_NAME = "$(TARGET_NAME)";
				SWIFT_EMIT_LOC_STRINGS = NO;
				SWIFT_VERSION = 5.0;
				TARGETED_DEVICE_FAMILY = "1,2";
				TEST_HOST = "$(BUILT_PRODUCTS_DIR)/Flashcards App.app/$(BUNDLE_EXECUTABLE_FOLDER_PATH)/Flashcards App";
			};
			name = Release;
		};
		09156D812A31C3B300BA2D89 /* Debug */ = {
			isa = XCBuildConfiguration;
			buildSettings = {
				ALWAYS_EMBED_SWIFT_STANDARD_LIBRARIES = YES;
				CODE_SIGN_STYLE = Automatic;
				CURRENT_PROJECT_VERSION = 1;
				DEVELOPMENT_TEAM = 4LZSXT57C3;
				GENERATE_INFOPLIST_FILE = YES;
				MARKETING_VERSION = 1.0;
				PRODUCT_BUNDLE_IDENTIFIER = "mgaiduk.Flashcards-AppUITests";
				PRODUCT_NAME = "$(TARGET_NAME)";
				SWIFT_EMIT_LOC_STRINGS = NO;
				SWIFT_VERSION = 5.0;
				TARGETED_DEVICE_FAMILY = "1,2";
				TEST_TARGET_NAME = "Flashcards App";
			};
			name = Debug;
		};
		09156D822A31C3B300BA2D89 /* Release */ = {
			isa = XCBuildConfiguration;
			buildSettings = {
				ALWAYS_EMBED_SWIFT_STANDARD_LIBRARIES = YES;
				CODE_SIGN_STYLE = Automatic;
				CURRENT_PROJECT_VERSION = 1;
				DEVELOPMENT_TEAM = 4LZSXT57C3;
				GENERATE_INFOPLIST_FILE = YES;
				MARKETING_VERSION = 1.0;
				PRODUCT_BUNDLE_IDENTIFIER = "mgaiduk.Flashcards-AppUITests";
				PRODUCT_NAME = "$(TARGET_NAME)";
				SWIFT_EMIT_LOC_STRINGS = NO;
				SWIFT_VERSION = 5.0;
				TARGETED_DEVICE_FAMILY = "1,2";
				TEST_TARGET_NAME = "Flashcards App";
			};
			name = Release;
		};
/* End XCBuildConfiguration section */

/* Begin XCConfigurationList section */
		09156D512A31C3AF00BA2D89 /* Build configuration list for PBXProject "Flashcards App" */ = {
			isa = XCConfigurationList;
			buildConfigurations = (
				09156D782A31C3B300BA2D89 /* Debug */,
				09156D792A31C3B300BA2D89 /* Release */,
			);
			defaultConfigurationIsVisible = 0;
			defaultConfigurationName = Release;
		};
		09156D7A2A31C3B300BA2D89 /* Build configuration list for PBXNativeTarget "Flashcards App" */ = {
			isa = XCConfigurationList;
			buildConfigurations = (
				09156D7B2A31C3B300BA2D89 /* Debug */,
				09156D7C2A31C3B300BA2D89 /* Release */,
			);
			defaultConfigurationIsVisible = 0;
			defaultConfigurationName = Release;
		};
		09156D7D2A31C3B300BA2D89 /* Build configuration list for PBXNativeTarget "Flashcards AppTests" */ = {
			isa = XCConfigurationList;
			buildConfigurations = (
				09156D7E2A31C3B300BA2D89 /* Debug */,
				09156D7F2A31C3B300BA2D89 /* Release */,
			);
			defaultConfigurationIsVisible = 0;
			defaultConfigurationName = Release;
		};
		09156D802A31C3B300BA2D89 /* Build configuration list for PBXNativeTarget "Flashcards AppUITests" */ = {
			isa = XCConfigurationList;
			buildConfigurations = (
				09156D812A31C3B300BA2D89 /* Debug */,
				09156D822A31C3B300BA2D89 /* Release */,
			);
			defaultConfigurationIsVisible = 0;
			defaultConfigurationName = Release;
		};
/* End XCConfigurationList section */

/* Begin XCRemoteSwiftPackageReference section */
		094207722A7D10FF009EAE2F /* XCRemoteSwiftPackageReference "Zip" */ = {
			isa = XCRemoteSwiftPackageReference;
			repositoryURL = "https://github.com/marmelroy/Zip.git";
			requirement = {
				kind = upToNextMinorVersion;
				minimumVersion = 2.1.0;
			};
		};
		0942079D2A83C62F009EAE2F /* XCRemoteSwiftPackageReference "swift-collections" */ = {
			isa = XCRemoteSwiftPackageReference;
			repositoryURL = "https://github.com/apple/swift-collections.git";
			requirement = {
				kind = upToNextMajorVersion;
				minimumVersion = 1.0.0;
			};
		};
		0980AF732C2AF07C00583270 /* XCRemoteSwiftPackageReference "hanzi_writer" */ = {
			isa = XCRemoteSwiftPackageReference;
			repositoryURL = "https://github.com/adensur/hanzi_writer";
			requirement = {
				kind = upToNextMajorVersion;
				minimumVersion = 1.0.0;
			};
		};
		098FDF042A97AC4C009AD700 /* XCRemoteSwiftPackageReference "firebase-ios-sdk" */ = {
			isa = XCRemoteSwiftPackageReference;
			repositoryURL = "https://github.com/firebase/firebase-ios-sdk";
			requirement = {
				kind = upToNextMajorVersion;
				minimumVersion = 10.0.0;
			};
		};
/* End XCRemoteSwiftPackageReference section */

/* Begin XCSwiftPackageProductDependency section */
		093455552A8408FA0009ED8E /* DequeModule */ = {
			isa = XCSwiftPackageProductDependency;
			package = 0942079D2A83C62F009EAE2F /* XCRemoteSwiftPackageReference "swift-collections" */;
			productName = DequeModule;
		};
		094207732A7D1100009EAE2F /* Zip */ = {
			isa = XCSwiftPackageProductDependency;
			package = 094207722A7D10FF009EAE2F /* XCRemoteSwiftPackageReference "Zip" */;
			productName = Zip;
		};
		0980AF742C2AF07D00583270 /* HanziWriter */ = {
			isa = XCSwiftPackageProductDependency;
			package = 0980AF732C2AF07C00583270 /* XCRemoteSwiftPackageReference "hanzi_writer" */;
			productName = HanziWriter;
		};
		098FDF052A97AC4C009AD700 /* FirebaseAnalytics */ = {
			isa = XCSwiftPackageProductDependency;
			package = 098FDF042A97AC4C009AD700 /* XCRemoteSwiftPackageReference "firebase-ios-sdk" */;
			productName = FirebaseAnalytics;
		};
		098FDF072A97AC4C009AD700 /* FirebaseStorage */ = {
			isa = XCSwiftPackageProductDependency;
			package = 098FDF042A97AC4C009AD700 /* XCRemoteSwiftPackageReference "firebase-ios-sdk" */;
			productName = FirebaseStorage;
		};
/* End XCSwiftPackageProductDependency section */
	};
	rootObject = 09156D4E2A31C3AF00BA2D89 /* Project object */;
}
